// !$*UTF8*$!
{
	archiveVersion = 1;
	classes = {
	};
	objectVersion = 56;
	objects = {

/* Begin PBXBuildFile section */
		B6EF44BB2C5240A2003ED97A /* LocalCapApp.swift in Sources */ = {isa = PBXBuildFile; fileRef = B6EF44BA2C5240A2003ED97A /* LocalCapApp.swift */; };
		B6EF44BD2C5240A2003ED97A /* ContentView.swift in Sources */ = {isa = PBXBuildFile; fileRef = B6EF44BC2C5240A2003ED97A /* ContentView.swift */; };
		B6EF44BF2C5240A4003ED97A /* Assets.xcassets in Resources */ = {isa = PBXBuildFile; fileRef = B6EF44BE2C5240A4003ED97A /* Assets.xcassets */; };
		B6EF44C32C5240A4003ED97A /* Preview Assets.xcassets in Resources */ = {isa = PBXBuildFile; fileRef = B6EF44C22C5240A4003ED97A /* Preview Assets.xcassets */; };
		B6EF44CD2C5240A4003ED97A /* LocalCapTests.swift in Sources */ = {isa = PBXBuildFile; fileRef = B6EF44CC2C5240A4003ED97A /* LocalCapTests.swift */; };
		B6EF44D72C5240A4003ED97A /* LocalCapUITests.swift in Sources */ = {isa = PBXBuildFile; fileRef = B6EF44D62C5240A4003ED97A /* LocalCapUITests.swift */; };
		B6EF44D92C5240A4003ED97A /* LocalCapUITestsLaunchTests.swift in Sources */ = {isa = PBXBuildFile; fileRef = B6EF44D82C5240A4003ED97A /* LocalCapUITestsLaunchTests.swift */; };
/* End PBXBuildFile section */

/* Begin PBXContainerItemProxy section */
		B6EF44C92C5240A4003ED97A /* PBXContainerItemProxy */ = {
			isa = PBXContainerItemProxy;
			containerPortal = B6EF44AF2C5240A2003ED97A /* Project object */;
			proxyType = 1;
			remoteGlobalIDString = B6EF44B62C5240A2003ED97A;
			remoteInfo = LocalCap;
		};
		B6EF44D32C5240A4003ED97A /* PBXContainerItemProxy */ = {
			isa = PBXContainerItemProxy;
			containerPortal = B6EF44AF2C5240A2003ED97A /* Project object */;
			proxyType = 1;
			remoteGlobalIDString = B6EF44B62C5240A2003ED97A;
			remoteInfo = LocalCap;
		};
/* End PBXContainerItemProxy section */

/* Begin PBXFileReference section */
		B6EF44B72C5240A2003ED97A /* LocalCap.app */ = {isa = PBXFileReference; explicitFileType = wrapper.application; includeInIndex = 0; path = LocalCap.app; sourceTree = BUILT_PRODUCTS_DIR; };
		B6EF44BA2C5240A2003ED97A /* LocalCapApp.swift */ = {isa = PBXFileReference; lastKnownFileType = sourcecode.swift; path = LocalCapApp.swift; sourceTree = "<group>"; };
		B6EF44BC2C5240A2003ED97A /* ContentView.swift */ = {isa = PBXFileReference; lastKnownFileType = sourcecode.swift; path = ContentView.swift; sourceTree = "<group>"; };
		B6EF44BE2C5240A4003ED97A /* Assets.xcassets */ = {isa = PBXFileReference; lastKnownFileType = folder.assetcatalog; path = Assets.xcassets; sourceTree = "<group>"; };
		B6EF44C02C5240A4003ED97A /* LocalCap.entitlements */ = {isa = PBXFileReference; lastKnownFileType = text.plist.entitlements; path = LocalCap.entitlements; sourceTree = "<group>"; };
		B6EF44C22C5240A4003ED97A /* Preview Assets.xcassets */ = {isa = PBXFileReference; lastKnownFileType = folder.assetcatalog; path = "Preview Assets.xcassets"; sourceTree = "<group>"; };
		B6EF44C82C5240A4003ED97A /* LocalCapTests.xctest */ = {isa = PBXFileReference; explicitFileType = wrapper.cfbundle; includeInIndex = 0; path = LocalCapTests.xctest; sourceTree = BUILT_PRODUCTS_DIR; };
		B6EF44CC2C5240A4003ED97A /* LocalCapTests.swift */ = {isa = PBXFileReference; lastKnownFileType = sourcecode.swift; path = LocalCapTests.swift; sourceTree = "<group>"; };
		B6EF44D22C5240A4003ED97A /* LocalCapUITests.xctest */ = {isa = PBXFileReference; explicitFileType = wrapper.cfbundle; includeInIndex = 0; path = LocalCapUITests.xctest; sourceTree = BUILT_PRODUCTS_DIR; };
		B6EF44D62C5240A4003ED97A /* LocalCapUITests.swift */ = {isa = PBXFileReference; lastKnownFileType = sourcecode.swift; path = LocalCapUITests.swift; sourceTree = "<group>"; };
		B6EF44D82C5240A4003ED97A /* LocalCapUITestsLaunchTests.swift */ = {isa = PBXFileReference; lastKnownFileType = sourcecode.swift; path = LocalCapUITestsLaunchTests.swift; sourceTree = "<group>"; };
/* End PBXFileReference section */

/* Begin PBXFrameworksBuildPhase section */
		B6EF44B42C5240A2003ED97A /* Frameworks */ = {
			isa = PBXFrameworksBuildPhase;
			buildActionMask = 2147483647;
			files = (
			);
			runOnlyForDeploymentPostprocessing = 0;
		};
		B6EF44C52C5240A4003ED97A /* Frameworks */ = {
			isa = PBXFrameworksBuildPhase;
			buildActionMask = 2147483647;
			files = (
			);
			runOnlyForDeploymentPostprocessing = 0;
		};
		B6EF44CF2C5240A4003ED97A /* Frameworks */ = {
			isa = PBXFrameworksBuildPhase;
			buildActionMask = 2147483647;
			files = (
			);
			runOnlyForDeploymentPostprocessing = 0;
		};
/* End PBXFrameworksBuildPhase section */

/* Begin PBXGroup section */
		B6EF44AE2C5240A2003ED97A = {
			isa = PBXGroup;
			children = (
				B6EF44B92C5240A2003ED97A /* LocalCap */,
				B6EF44CB2C5240A4003ED97A /* LocalCapTests */,
				B6EF44D52C5240A4003ED97A /* LocalCapUITests */,
				B6EF44B82C5240A2003ED97A /* Products */,
			);
			sourceTree = "<group>";
		};
		B6EF44B82C5240A2003ED97A /* Products */ = {
			isa = PBXGroup;
			children = (
				B6EF44B72C5240A2003ED97A /* LocalCap.app */,
				B6EF44C82C5240A4003ED97A /* LocalCapTests.xctest */,
				B6EF44D22C5240A4003ED97A /* LocalCapUITests.xctest */,
			);
			name = Products;
			sourceTree = "<group>";
		};
		B6EF44B92C5240A2003ED97A /* LocalCap */ = {
			isa = PBXGroup;
			children = (
				B6EF44BA2C5240A2003ED97A /* LocalCapApp.swift */,
				B6EF44BC2C5240A2003ED97A /* ContentView.swift */,
				B6EF44BE2C5240A4003ED97A /* Assets.xcassets */,
				B6EF44C02C5240A4003ED97A /* LocalCap.entitlements */,
				B6EF44C12C5240A4003ED97A /* Preview Content */,
			);
			path = LocalCap;
			sourceTree = "<group>";
		};
		B6EF44C12C5240A4003ED97A /* Preview Content */ = {
			isa = PBXGroup;
			children = (
				B6EF44C22C5240A4003ED97A /* Preview Assets.xcassets */,
			);
			path = "Preview Content";
			sourceTree = "<group>";
		};
		B6EF44CB2C5240A4003ED97A /* LocalCapTests */ = {
			isa = PBXGroup;
			children = (
				B6EF44CC2C5240A4003ED97A /* LocalCapTests.swift */,
			);
			path = LocalCapTests;
			sourceTree = "<group>";
		};
		B6EF44D52C5240A4003ED97A /* LocalCapUITests */ = {
			isa = PBXGroup;
			children = (
				B6EF44D62C5240A4003ED97A /* LocalCapUITests.swift */,
				B6EF44D82C5240A4003ED97A /* LocalCapUITestsLaunchTests.swift */,
			);
			path = LocalCapUITests;
			sourceTree = "<group>";
		};
/* End PBXGroup section */

/* Begin PBXNativeTarget section */
		B6EF44B62C5240A2003ED97A /* LocalCap */ = {
			isa = PBXNativeTarget;
			buildConfigurationList = B6EF44DC2C5240A4003ED97A /* Build configuration list for PBXNativeTarget "LocalCap" */;
			buildPhases = (
				B6EF44B32C5240A2003ED97A /* Sources */,
				B6EF44B42C5240A2003ED97A /* Frameworks */,
				B6EF44B52C5240A2003ED97A /* Resources */,
			);
			buildRules = (
			);
			dependencies = (
			);
			name = LocalCap;
			productName = LocalCap;
			productReference = B6EF44B72C5240A2003ED97A /* LocalCap.app */;
			productType = "com.apple.product-type.application";
		};
		B6EF44C72C5240A4003ED97A /* LocalCapTests */ = {
			isa = PBXNativeTarget;
			buildConfigurationList = B6EF44DF2C5240A4003ED97A /* Build configuration list for PBXNativeTarget "LocalCapTests" */;
			buildPhases = (
				B6EF44C42C5240A4003ED97A /* Sources */,
				B6EF44C52C5240A4003ED97A /* Frameworks */,
				B6EF44C62C5240A4003ED97A /* Resources */,
			);
			buildRules = (
			);
			dependencies = (
				B6EF44CA2C5240A4003ED97A /* PBXTargetDependency */,
			);
			name = LocalCapTests;
			productName = LocalCapTests;
			productReference = B6EF44C82C5240A4003ED97A /* LocalCapTests.xctest */;
			productType = "com.apple.product-type.bundle.unit-test";
		};
		B6EF44D12C5240A4003ED97A /* LocalCapUITests */ = {
			isa = PBXNativeTarget;
			buildConfigurationList = B6EF44E22C5240A4003ED97A /* Build configuration list for PBXNativeTarget "LocalCapUITests" */;
			buildPhases = (
				B6EF44CE2C5240A4003ED97A /* Sources */,
				B6EF44CF2C5240A4003ED97A /* Frameworks */,
				B6EF44D02C5240A4003ED97A /* Resources */,
			);
			buildRules = (
			);
			dependencies = (
				B6EF44D42C5240A4003ED97A /* PBXTargetDependency */,
			);
			name = LocalCapUITests;
			productName = LocalCapUITests;
			productReference = B6EF44D22C5240A4003ED97A /* LocalCapUITests.xctest */;
			productType = "com.apple.product-type.bundle.ui-testing";
		};
/* End PBXNativeTarget section */

/* Begin PBXProject section */
		B6EF44AF2C5240A2003ED97A /* Project object */ = {
			isa = PBXProject;
			attributes = {
				BuildIndependentTargetsInParallel = 1;
				LastSwiftUpdateCheck = 1540;
				LastUpgradeCheck = 1540;
				TargetAttributes = {
					B6EF44B62C5240A2003ED97A = {
						CreatedOnToolsVersion = 15.4;
					};
					B6EF44C72C5240A4003ED97A = {
						CreatedOnToolsVersion = 15.4;
						TestTargetID = B6EF44B62C5240A2003ED97A;
					};
					B6EF44D12C5240A4003ED97A = {
						CreatedOnToolsVersion = 15.4;
						TestTargetID = B6EF44B62C5240A2003ED97A;
					};
				};
			};
			buildConfigurationList = B6EF44B22C5240A2003ED97A /* Build configuration list for PBXProject "LocalCap" */;
			compatibilityVersion = "Xcode 14.0";
			developmentRegion = en;
			hasScannedForEncodings = 0;
			knownRegions = (
				en,
				Base,
			);
			mainGroup = B6EF44AE2C5240A2003ED97A;
			productRefGroup = B6EF44B82C5240A2003ED97A /* Products */;
			projectDirPath = "";
			projectRoot = "";
			targets = (
				B6EF44B62C5240A2003ED97A /* LocalCap */,
				B6EF44C72C5240A4003ED97A /* LocalCapTests */,
				B6EF44D12C5240A4003ED97A /* LocalCapUITests */,
			);
		};
/* End PBXProject section */

/* Begin PBXResourcesBuildPhase section */
		B6EF44B52C5240A2003ED97A /* Resources */ = {
			isa = PBXResourcesBuildPhase;
			buildActionMask = 2147483647;
			files = (
				B6EF44C32C5240A4003ED97A /* Preview Assets.xcassets in Resources */,
				B6EF44BF2C5240A4003ED97A /* Assets.xcassets in Resources */,
			);
			runOnlyForDeploymentPostprocessing = 0;
		};
		B6EF44C62C5240A4003ED97A /* Resources */ = {
			isa = PBXResourcesBuildPhase;
			buildActionMask = 2147483647;
			files = (
			);
			runOnlyForDeploymentPostprocessing = 0;
		};
		B6EF44D02C5240A4003ED97A /* Resources */ = {
			isa = PBXResourcesBuildPhase;
			buildActionMask = 2147483647;
			files = (
			);
			runOnlyForDeploymentPostprocessing = 0;
		};
/* End PBXResourcesBuildPhase section */

/* Begin PBXSourcesBuildPhase section */
		B6EF44B32C5240A2003ED97A /* Sources */ = {
			isa = PBXSourcesBuildPhase;
			buildActionMask = 2147483647;
			files = (
				B6EF44BD2C5240A2003ED97A /* ContentView.swift in Sources */,
				B6EF44BB2C5240A2003ED97A /* LocalCapApp.swift in Sources */,
			);
			runOnlyForDeploymentPostprocessing = 0;
		};
		B6EF44C42C5240A4003ED97A /* Sources */ = {
			isa = PBXSourcesBuildPhase;
			buildActionMask = 2147483647;
			files = (
				B6EF44CD2C5240A4003ED97A /* LocalCapTests.swift in Sources */,
			);
			runOnlyForDeploymentPostprocessing = 0;
		};
		B6EF44CE2C5240A4003ED97A /* Sources */ = {
			isa = PBXSourcesBuildPhase;
			buildActionMask = 2147483647;
			files = (
				B6EF44D92C5240A4003ED97A /* LocalCapUITestsLaunchTests.swift in Sources */,
				B6EF44D72C5240A4003ED97A /* LocalCapUITests.swift in Sources */,
			);
			runOnlyForDeploymentPostprocessing = 0;
		};
/* End PBXSourcesBuildPhase section */

/* Begin PBXTargetDependency section */
		B6EF44CA2C5240A4003ED97A /* PBXTargetDependency */ = {
			isa = PBXTargetDependency;
			target = B6EF44B62C5240A2003ED97A /* LocalCap */;
			targetProxy = B6EF44C92C5240A4003ED97A /* PBXContainerItemProxy */;
		};
		B6EF44D42C5240A4003ED97A /* PBXTargetDependency */ = {
			isa = PBXTargetDependency;
			target = B6EF44B62C5240A2003ED97A /* LocalCap */;
			targetProxy = B6EF44D32C5240A4003ED97A /* PBXContainerItemProxy */;
		};
/* End PBXTargetDependency section */

/* Begin XCBuildConfiguration section */
		B6EF44DA2C5240A4003ED97A /* Debug */ = {
			isa = XCBuildConfiguration;
			buildSettings = {
				ALWAYS_SEARCH_USER_PATHS = NO;
				ASSETCATALOG_COMPILER_GENERATE_SWIFT_ASSET_SYMBOL_EXTENSIONS = YES;
				CLANG_ANALYZER_NONNULL = YES;
				CLANG_ANALYZER_NUMBER_OBJECT_CONVERSION = YES_AGGRESSIVE;
				CLANG_CXX_LANGUAGE_STANDARD = "gnu++20";
				CLANG_ENABLE_MODULES = YES;
				CLANG_ENABLE_OBJC_ARC = YES;
				CLANG_ENABLE_OBJC_WEAK = YES;
				CLANG_WARN_BLOCK_CAPTURE_AUTORELEASING = YES;
				CLANG_WARN_BOOL_CONVERSION = YES;
				CLANG_WARN_COMMA = YES;
				CLANG_WARN_CONSTANT_CONVERSION = YES;
				CLANG_WARN_DEPRECATED_OBJC_IMPLEMENTATIONS = YES;
				CLANG_WARN_DIRECT_OBJC_ISA_USAGE = YES_ERROR;
				CLANG_WARN_DOCUMENTATION_COMMENTS = YES;
				CLANG_WARN_EMPTY_BODY = YES;
				CLANG_WARN_ENUM_CONVERSION = YES;
				CLANG_WARN_INFINITE_RECURSION = YES;
				CLANG_WARN_INT_CONVERSION = YES;
				CLANG_WARN_NON_LITERAL_NULL_CONVERSION = YES;
				CLANG_WARN_OBJC_IMPLICIT_RETAIN_SELF = YES;
				CLANG_WARN_OBJC_LITERAL_CONVERSION = YES;
				CLANG_WARN_OBJC_ROOT_CLASS = YES_ERROR;
				CLANG_WARN_QUOTED_INCLUDE_IN_FRAMEWORK_HEADER = YES;
				CLANG_WARN_RANGE_LOOP_ANALYSIS = YES;
				CLANG_WARN_STRICT_PROTOTYPES = YES;
				CLANG_WARN_SUSPICIOUS_MOVE = YES;
				CLANG_WARN_UNGUARDED_AVAILABILITY = YES_AGGRESSIVE;
				CLANG_WARN_UNREACHABLE_CODE = YES;
				CLANG_WARN__DUPLICATE_METHOD_MATCH = YES;
				COPY_PHASE_STRIP = NO;
				DEBUG_INFORMATION_FORMAT = dwarf;
				ENABLE_STRICT_OBJC_MSGSEND = YES;
				ENABLE_TESTABILITY = YES;
				ENABLE_USER_SCRIPT_SANDBOXING = YES;
				GCC_C_LANGUAGE_STANDARD = gnu17;
				GCC_DYNAMIC_NO_PIC = NO;
				GCC_NO_COMMON_BLOCKS = YES;
				GCC_OPTIMIZATION_LEVEL = 0;
				GCC_PREPROCESSOR_DEFINITIONS = (
					"DEBUG=1",
					"$(inherited)",
				);
				GCC_WARN_64_TO_32_BIT_CONVERSION = YES;
				GCC_WARN_ABOUT_RETURN_TYPE = YES_ERROR;
				GCC_WARN_UNDECLARED_SELECTOR = YES;
				GCC_WARN_UNINITIALIZED_AUTOS = YES_AGGRESSIVE;
				GCC_WARN_UNUSED_FUNCTION = YES;
				GCC_WARN_UNUSED_VARIABLE = YES;
				LOCALIZATION_PREFERS_STRING_CATALOGS = YES;
				MTL_ENABLE_DEBUG_INFO = INCLUDE_SOURCE;
				MTL_FAST_MATH = YES;
				ONLY_ACTIVE_ARCH = YES;
				SWIFT_ACTIVE_COMPILATION_CONDITIONS = "DEBUG $(inherited)";
				SWIFT_OPTIMIZATION_LEVEL = "-Onone";
			};
			name = Debug;
		};
		B6EF44DB2C5240A4003ED97A /* Release */ = {
			isa = XCBuildConfiguration;
			buildSettings = {
				ALWAYS_SEARCH_USER_PATHS = NO;
				ASSETCATALOG_COMPILER_GENERATE_SWIFT_ASSET_SYMBOL_EXTENSIONS = YES;
				CLANG_ANALYZER_NONNULL = YES;
				CLANG_ANALYZER_NUMBER_OBJECT_CONVERSION = YES_AGGRESSIVE;
				CLANG_CXX_LANGUAGE_STANDARD = "gnu++20";
				CLANG_ENABLE_MODULES = YES;
				CLANG_ENABLE_OBJC_ARC = YES;
				CLANG_ENABLE_OBJC_WEAK = YES;
				CLANG_WARN_BLOCK_CAPTURE_AUTORELEASING = YES;
				CLANG_WARN_BOOL_CONVERSION = YES;
				CLANG_WARN_COMMA = YES;
				CLANG_WARN_CONSTANT_CONVERSION = YES;
				CLANG_WARN_DEPRECATED_OBJC_IMPLEMENTATIONS = YES;
				CLANG_WARN_DIRECT_OBJC_ISA_USAGE = YES_ERROR;
				CLANG_WARN_DOCUMENTATION_COMMENTS = YES;
				CLANG_WARN_EMPTY_BODY = YES;
				CLANG_WARN_ENUM_CONVERSION = YES;
				CLANG_WARN_INFINITE_RECURSION = YES;
				CLANG_WARN_INT_CONVERSION = YES;
				CLANG_WARN_NON_LITERAL_NULL_CONVERSION = YES;
				CLANG_WARN_OBJC_IMPLICIT_RETAIN_SELF = YES;
				CLANG_WARN_OBJC_LITERAL_CONVERSION = YES;
				CLANG_WARN_OBJC_ROOT_CLASS = YES_ERROR;
				CLANG_WARN_QUOTED_INCLUDE_IN_FRAMEWORK_HEADER = YES;
				CLANG_WARN_RANGE_LOOP_ANALYSIS = YES;
				CLANG_WARN_STRICT_PROTOTYPES = YES;
				CLANG_WARN_SUSPICIOUS_MOVE = YES;
				CLANG_WARN_UNGUARDED_AVAILABILITY = YES_AGGRESSIVE;
				CLANG_WARN_UNREACHABLE_CODE = YES;
				CLANG_WARN__DUPLICATE_METHOD_MATCH = YES;
				COPY_PHASE_STRIP = NO;
				DEBUG_INFORMATION_FORMAT = "dwarf-with-dsym";
				ENABLE_NS_ASSERTIONS = NO;
				ENABLE_STRICT_OBJC_MSGSEND = YES;
				ENABLE_USER_SCRIPT_SANDBOXING = YES;
				GCC_C_LANGUAGE_STANDARD = gnu17;
				GCC_NO_COMMON_BLOCKS = YES;
				GCC_WARN_64_TO_32_BIT_CONVERSION = YES;
				GCC_WARN_ABOUT_RETURN_TYPE = YES_ERROR;
				GCC_WARN_UNDECLARED_SELECTOR = YES;
				GCC_WARN_UNINITIALIZED_AUTOS = YES_AGGRESSIVE;
				GCC_WARN_UNUSED_FUNCTION = YES;
				GCC_WARN_UNUSED_VARIABLE = YES;
				LOCALIZATION_PREFERS_STRING_CATALOGS = YES;
				MTL_ENABLE_DEBUG_INFO = NO;
				MTL_FAST_MATH = YES;
				SWIFT_COMPILATION_MODE = wholemodule;
			};
			name = Release;
		};
		B6EF44DD2C5240A4003ED97A /* Debug */ = {
			isa = XCBuildConfiguration;
			buildSettings = {
				ASSETCATALOG_COMPILER_APPICON_NAME = AppIcon;
				ASSETCATALOG_COMPILER_GLOBAL_ACCENT_COLOR_NAME = AccentColor;
				CODE_SIGN_ENTITLEMENTS = LocalCap/LocalCap.entitlements;
				CODE_SIGN_STYLE = Automatic;
				CURRENT_PROJECT_VERSION = 1;
				DEVELOPMENT_ASSET_PATHS = "\"LocalCap/Preview Content\"";
				DEVELOPMENT_TEAM = T6YN4M6UC5;
				ENABLE_HARDENED_RUNTIME = YES;
				ENABLE_PREVIEWS = YES;
				GENERATE_INFOPLIST_FILE = YES;
				"INFOPLIST_KEY_UIApplicationSceneManifest_Generation[sdk=iphoneos*]" = YES;
				"INFOPLIST_KEY_UIApplicationSceneManifest_Generation[sdk=iphonesimulator*]" = YES;
				"INFOPLIST_KEY_UIApplicationSupportsIndirectInputEvents[sdk=iphoneos*]" = YES;
				"INFOPLIST_KEY_UIApplicationSupportsIndirectInputEvents[sdk=iphonesimulator*]" = YES;
				"INFOPLIST_KEY_UILaunchScreen_Generation[sdk=iphoneos*]" = YES;
				"INFOPLIST_KEY_UILaunchScreen_Generation[sdk=iphonesimulator*]" = YES;
				"INFOPLIST_KEY_UIStatusBarStyle[sdk=iphoneos*]" = UIStatusBarStyleDefault;
				"INFOPLIST_KEY_UIStatusBarStyle[sdk=iphonesimulator*]" = UIStatusBarStyleDefault;
				INFOPLIST_KEY_UISupportedInterfaceOrientations_iPad = "UIInterfaceOrientationPortrait UIInterfaceOrientationPortraitUpsideDown UIInterfaceOrientationLandscapeLeft UIInterfaceOrientationLandscapeRight";
				INFOPLIST_KEY_UISupportedInterfaceOrientations_iPhone = "UIInterfaceOrientationPortrait UIInterfaceOrientationLandscapeLeft UIInterfaceOrientationLandscapeRight";
				IPHONEOS_DEPLOYMENT_TARGET = 17.5;
				LD_RUNPATH_SEARCH_PATHS = "@executable_path/Frameworks";
				"LD_RUNPATH_SEARCH_PATHS[sdk=macosx*]" = "@executable_path/../Frameworks";
				MACOSX_DEPLOYMENT_TARGET = 14.2;
				MARKETING_VERSION = 1.0;
				PRODUCT_BUNDLE_IDENTIFIER = KTH.LocalCap;
				PRODUCT_NAME = "$(TARGET_NAME)";
				SDKROOT = auto;
				SUPPORTED_PLATFORMS = "iphoneos iphonesimulator macosx";
				SWIFT_EMIT_LOC_STRINGS = YES;
				SWIFT_VERSION = 5.0;
				TARGETED_DEVICE_FAMILY = "1,2";
			};
			name = Debug;
		};
		B6EF44DE2C5240A4003ED97A /* Release */ = {
			isa = XCBuildConfiguration;
			buildSettings = {
				ASSETCATALOG_COMPILER_APPICON_NAME = AppIcon;
				ASSETCATALOG_COMPILER_GLOBAL_ACCENT_COLOR_NAME = AccentColor;
				CODE_SIGN_ENTITLEMENTS = LocalCap/LocalCap.entitlements;
				CODE_SIGN_STYLE = Automatic;
				CURRENT_PROJECT_VERSION = 1;
				DEVELOPMENT_ASSET_PATHS = "\"LocalCap/Preview Content\"";
				DEVELOPMENT_TEAM = T6YN4M6UC5;
				ENABLE_HARDENED_RUNTIME = YES;
				ENABLE_PREVIEWS = YES;
				GENERATE_INFOPLIST_FILE = YES;
				"INFOPLIST_KEY_UIApplicationSceneManifest_Generation[sdk=iphoneos*]" = YES;
				"INFOPLIST_KEY_UIApplicationSceneManifest_Generation[sdk=iphonesimulator*]" = YES;
				"INFOPLIST_KEY_UIApplicationSupportsIndirectInputEvents[sdk=iphoneos*]" = YES;
				"INFOPLIST_KEY_UIApplicationSupportsIndirectInputEvents[sdk=iphonesimulator*]" = YES;
				"INFOPLIST_KEY_UILaunchScreen_Generation[sdk=iphoneos*]" = YES;
				"INFOPLIST_KEY_UILaunchScreen_Generation[sdk=iphonesimulator*]" = YES;
				"INFOPLIST_KEY_UIStatusBarStyle[sdk=iphoneos*]" = UIStatusBarStyleDefault;
				"INFOPLIST_KEY_UIStatusBarStyle[sdk=iphonesimulator*]" = UIStatusBarStyleDefault;
				INFOPLIST_KEY_UISupportedInterfaceOrientations_iPad = "UIInterfaceOrientationPortrait UIInterfaceOrientationPortraitUpsideDown UIInterfaceOrientationLandscapeLeft UIInterfaceOrientationLandscapeRight";
				INFOPLIST_KEY_UISupportedInterfaceOrientations_iPhone = "UIInterfaceOrientationPortrait UIInterfaceOrientationLandscapeLeft UIInterfaceOrientationLandscapeRight";
				IPHONEOS_DEPLOYMENT_TARGET = 17.5;
				LD_RUNPATH_SEARCH_PATHS = "@executable_path/Frameworks";
				"LD_RUNPATH_SEARCH_PATHS[sdk=macosx*]" = "@executable_path/../Frameworks";
				MACOSX_DEPLOYMENT_TARGET = 14.2;
				MARKETING_VERSION = 1.0;
				PRODUCT_BUNDLE_IDENTIFIER = KTH.LocalCap;
				PRODUCT_NAME = "$(TARGET_NAME)";
				SDKROOT = auto;
				SUPPORTED_PLATFORMS = "iphoneos iphonesimulator macosx";
				SWIFT_EMIT_LOC_STRINGS = YES;
				SWIFT_VERSION = 5.0;
				TARGETED_DEVICE_FAMILY = "1,2";
			};
			name = Release;
		};
		B6EF44E02C5240A4003ED97A /* Debug */ = {
			isa = XCBuildConfiguration;
			buildSettings = {
				ALWAYS_EMBED_SWIFT_STANDARD_LIBRARIES = YES;
				BUNDLE_LOADER = "$(TEST_HOST)";
				CODE_SIGN_STYLE = Automatic;
				CURRENT_PROJECT_VERSION = 1;
				DEVELOPMENT_TEAM = T6YN4M6UC5;
				GENERATE_INFOPLIST_FILE = YES;
				IPHONEOS_DEPLOYMENT_TARGET = 17.5;
				MACOSX_DEPLOYMENT_TARGET = 14.2;
				MARKETING_VERSION = 1.0;
				PRODUCT_BUNDLE_IDENTIFIER = KTH.LocalCapTests;
				PRODUCT_NAME = "$(TARGET_NAME)";
				SDKROOT = auto;
				SUPPORTED_PLATFORMS = "iphoneos iphonesimulator macosx";
				SWIFT_EMIT_LOC_STRINGS = NO;
				SWIFT_VERSION = 5.0;
				TARGETED_DEVICE_FAMILY = "1,2";
				TEST_HOST = "$(BUILT_PRODUCTS_DIR)/LocalCap.app/$(BUNDLE_EXECUTABLE_FOLDER_PATH)/LocalCap";
			};
			name = Debug;
		};
		B6EF44E12C5240A4003ED97A /* Release */ = {
			isa = XCBuildConfiguration;
			buildSettings = {
				ALWAYS_EMBED_SWIFT_STANDARD_LIBRARIES = YES;
				BUNDLE_LOADER = "$(TEST_HOST)";
				CODE_SIGN_STYLE = Automatic;
				CURRENT_PROJECT_VERSION = 1;
				DEVELOPMENT_TEAM = T6YN4M6UC5;
				GENERATE_INFOPLIST_FILE = YES;
				IPHONEOS_DEPLOYMENT_TARGET = 17.5;
				MACOSX_DEPLOYMENT_TARGET = 14.2;
				MARKETING_VERSION = 1.0;
				PRODUCT_BUNDLE_IDENTIFIER = KTH.LocalCapTests;
				PRODUCT_NAME = "$(TARGET_NAME)";
				SDKROOT = auto;
				SUPPORTED_PLATFORMS = "iphoneos iphonesimulator macosx";
				SWIFT_EMIT_LOC_STRINGS = NO;
				SWIFT_VERSION = 5.0;
				TARGETED_DEVICE_FAMILY = "1,2";
				TEST_HOST = "$(BUILT_PRODUCTS_DIR)/LocalCap.app/$(BUNDLE_EXECUTABLE_FOLDER_PATH)/LocalCap";
			};
			name = Release;
		};
		B6EF44E32C5240A4003ED97A /* Debug */ = {
			isa = XCBuildConfiguration;
			buildSettings = {
				ALWAYS_EMBED_SWIFT_STANDARD_LIBRARIES = YES;
				CODE_SIGN_STYLE = Automatic;
				CURRENT_PROJECT_VERSION = 1;
				DEVELOPMENT_TEAM = T6YN4M6UC5;
				GENERATE_INFOPLIST_FILE = YES;
				IPHONEOS_DEPLOYMENT_TARGET = 17.5;
				MACOSX_DEPLOYMENT_TARGET = 14.2;
				MARKETING_VERSION = 1.0;
				PRODUCT_BUNDLE_IDENTIFIER = KTH.LocalCapUITests;
				PRODUCT_NAME = "$(TARGET_NAME)";
				SDKROOT = auto;
				SUPPORTED_PLATFORMS = "iphoneos iphonesimulator macosx";
				SWIFT_EMIT_LOC_STRINGS = NO;
				SWIFT_VERSION = 5.0;
				TARGETED_DEVICE_FAMILY = "1,2";
				TEST_TARGET_NAME = LocalCap;
			};
			name = Debug;
		};
		B6EF44E42C5240A4003ED97A /* Release */ = {
			isa = XCBuildConfiguration;
			buildSettings = {
				ALWAYS_EMBED_SWIFT_STANDARD_LIBRARIES = YES;
				CODE_SIGN_STYLE = Automatic;
				CURRENT_PROJECT_VERSION = 1;
				DEVELOPMENT_TEAM = T6YN4M6UC5;
				GENERATE_INFOPLIST_FILE = YES;
				IPHONEOS_DEPLOYMENT_TARGET = 17.5;
				MACOSX_DEPLOYMENT_TARGET = 14.2;
				MARKETING_VERSION = 1.0;
				PRODUCT_BUNDLE_IDENTIFIER = KTH.LocalCapUITests;
				PRODUCT_NAME = "$(TARGET_NAME)";
				SDKROOT = auto;
				SUPPORTED_PLATFORMS = "iphoneos iphonesimulator macosx";
				SWIFT_EMIT_LOC_STRINGS = NO;
				SWIFT_VERSION = 5.0;
				TARGETED_DEVICE_FAMILY = "1,2";
				TEST_TARGET_NAME = LocalCap;
			};
			name = Release;
		};
/* End XCBuildConfiguration section */

/* Begin XCConfigurationList section */
		B6EF44B22C5240A2003ED97A /* Build configuration list for PBXProject "LocalCap" */ = {
			isa = XCConfigurationList;
			buildConfigurations = (
				B6EF44DA2C5240A4003ED97A /* Debug */,
				B6EF44DB2C5240A4003ED97A /* Release */,
			);
			defaultConfigurationIsVisible = 0;
			defaultConfigurationName = Release;
		};
		B6EF44DC2C5240A4003ED97A /* Build configuration list for PBXNativeTarget "LocalCap" */ = {
			isa = XCConfigurationList;
			buildConfigurations = (
				B6EF44DD2C5240A4003ED97A /* Debug */,
				B6EF44DE2C5240A4003ED97A /* Release */,
			);
			defaultConfigurationIsVisible = 0;
			defaultConfigurationName = Release;
		};
		B6EF44DF2C5240A4003ED97A /* Build configuration list for PBXNativeTarget "LocalCapTests" */ = {
			isa = XCConfigurationList;
			buildConfigurations = (
				B6EF44E02C5240A4003ED97A /* Debug */,
				B6EF44E12C5240A4003ED97A /* Release */,
			);
			defaultConfigurationIsVisible = 0;
			defaultConfigurationName = Release;
		};
		B6EF44E22C5240A4003ED97A /* Build configuration list for PBXNativeTarget "LocalCapUITests" */ = {
			isa = XCConfigurationList;
			buildConfigurations = (
				B6EF44E32C5240A4003ED97A /* Debug */,
				B6EF44E42C5240A4003ED97A /* Release */,
			);
			defaultConfigurationIsVisible = 0;
			defaultConfigurationName = Release;
		};
/* End XCConfigurationList section */
	};
	rootObject = B6EF44AF2C5240A2003ED97A /* Project object */;
}
